{
  "requires": true,
  "lockfileVersion": 1,
  "dependencies": {
    "reac": {
      "version": "0.0.0",
      "resolved": "https://registry.npmjs.org/reac/-/reac-0.0.0.tgz",
      "integrity": "sha1-W4Rhw2VXh2OvbuQaaeH95OScOQo="
    },
    "react-loading": {
      "version": "2.0.3",
      "resolved": "https://registry.npmjs.org/react-loading/-/react-loading-2.0.3.tgz",
      "integrity": "sha512-Vdqy79zq+bpeWJqC+xjltUjuGApyoItPgL0vgVfcJHhqwU7bAMKzysfGW/ADu6i0z0JiOCRJjo+IkFNkRNbA3A=="
    }
  }
}
